
Microsoft Visual Studio Solution File, Format Version 12.00
# Visual Studio Version 16
VisualStudioVersion = 16.0.31702.278
MinimumVisualStudioVersion = 10.0.40219.1
Project("{9A19103F-16F7-4668-BE54-9A1E7A4F7556}") = "Project05", "Project05\Project05.csproj", "{6B2F8FB3-FD00-42D2-A7D1-5AB5D06C9041}"
EndProject
Project("{9A19103F-16F7-4668-BE54-9A1E7A4F7556}") = "Calculator", "Calculator\Calculator.csproj", "{BE613666-C850-41FE-8EDE-F531C0FB6E4F}"
EndProject
Project("{FAE04EC0-301F-11D3-BF4B-00C04F79EFBC}") = "Test_Calculator", "Test_Calculator\Test_Calculator.csproj", "{5BE0E84E-B299-477E-AAF6-C7526E752DEB}"
EndProject
Global
	GlobalSection(SolutionConfigurationPlatforms) = preSolution
		Debug|Any CPU = Debug|Any CPU
		Release|Any CPU = Release|Any CPU
	EndGlobalSection
	GlobalSection(ProjectConfigurationPlatforms) = postSolution
		{6B2F8FB3-FD00-42D2-A7D1-5AB5D06C9041}.Debug|Any CPU.ActiveCfg = Debug|Any CPU
		{6B2F8FB3-FD00-42D2-A7D1-5AB5D06C9041}.Debug|Any CPU.Build.0 = Debug|Any CPU
		{6B2F8FB3-FD00-42D2-A7D1-5AB5D06C9041}.Release|Any CPU.ActiveCfg = Release|Any CPU
		{6B2F8FB3-FD00-42D2-A7D1-5AB5D06C9041}.Release|Any CPU.Build.0 = Release|Any CPU
		{BE613666-C850-41FE-8EDE-F531C0FB6E4F}.Debug|Any CPU.ActiveCfg = Debug|Any CPU
		{BE613666-C850-41FE-8EDE-F531C0FB6E4F}.Debug|Any CPU.Build.0 = Debug|Any CPU
		{BE613666-C850-41FE-8EDE-F531C0FB6E4F}.Release|Any CPU.ActiveCfg = Release|Any CPU
		{BE613666-C850-41FE-8EDE-F531C0FB6E4F}.Release|Any CPU.Build.0 = Release|Any CPU
		{5BE0E84E-B299-477E-AAF6-C7526E752DEB}.Debug|Any CPU.ActiveCfg = Debug|Any CPU
		{5BE0E84E-B299-477E-AAF6-C7526E752DEB}.Debug|Any CPU.Build.0 = Debug|Any CPU
		{5BE0E84E-B299-477E-AAF6-C7526E752DEB}.Release|Any CPU.ActiveCfg = Release|Any CPU
		{5BE0E84E-B299-477E-AAF6-C7526E752DEB}.Release|Any CPU.Build.0 = Release|Any CPU
	EndGlobalSection
	GlobalSection(SolutionProperties) = preSolution
		HideSolutionNode = FALSE
	EndGlobalSection
	GlobalSection(ExtensibilityGlobals) = postSolution
		SolutionGuid = {FCD18638-843C-4C40-ADD6-B8A2ED5E2570}
	EndGlobalSection
EndGlobal
